
Microsoft Visual Studio Solution File, Format Version 12.00
Project("{FAE04EC0-301F-11D3-BF4B-00C04F79EFBC}") = "NB.Core", "NB.Core\NB.Core.csproj", "{F8370647-2320-47E9-9F38-890EF48B55A3}"
EndProject
Project("{FAE04EC0-301F-11D3-BF4B-00C04F79EFBC}") = "NB.CoreDomainTest", "NB.CoreDomainTest\NB.CoreDomainTest.csproj", "{33969635-39D0-4273-A86F-5CF758610892}"
EndProject
Project("{FAE04EC0-301F-11D3-BF4B-00C04F79EFBC}") = "NB.Domain", "NB.Domain\NB.Domain.csproj", "{510644CC-9DA6-4403-AA2D-F8D0801DD555}"
EndProject
Project("{2150E333-8FDC-42A3-9474-1A3956D46DE8}") = "Core", "Core", "{5319E685-61F1-4730-8B85-5BC6042C2B79}"
EndProject
Project("{2150E333-8FDC-42A3-9474-1A3956D46DE8}") = "Infrastructure", "Infrastructure", "{2239F5A4-6C51-4EEB-A79C-0DDF7508ACC6}"
EndProject
Project("{2150E333-8FDC-42A3-9474-1A3956D46DE8}") = "Presentation", "Presentation", "{5B5FF21A-EF96-4060-BD12-6767458CA134}"
EndProject
Project("{FAE04EC0-301F-11D3-BF4B-00C04F79EFBC}") = "NB.EFCore", "NB.EFCore\NB.EFCore.csproj", "{7A17BB51-6B2C-44BB-952B-C75A93963952}"
EndProject
Project("{FAE04EC0-301F-11D3-BF4B-00C04F79EFBC}") = "NB.WebAPI", "NB.WebAPI\NB.WebAPI.csproj", "{0F08977C-6C65-4611-9363-10EEB3E83CF9}"
EndProject
Global
	GlobalSection(SolutionConfigurationPlatforms) = preSolution
		Debug|Any CPU = Debug|Any CPU
		Release|Any CPU = Release|Any CPU
	EndGlobalSection
	GlobalSection(ProjectConfigurationPlatforms) = postSolution
		{F8370647-2320-47E9-9F38-890EF48B55A3}.Debug|Any CPU.ActiveCfg = Debug|Any CPU
		{F8370647-2320-47E9-9F38-890EF48B55A3}.Debug|Any CPU.Build.0 = Debug|Any CPU
		{F8370647-2320-47E9-9F38-890EF48B55A3}.Release|Any CPU.ActiveCfg = Release|Any CPU
		{F8370647-2320-47E9-9F38-890EF48B55A3}.Release|Any CPU.Build.0 = Release|Any CPU
		{33969635-39D0-4273-A86F-5CF758610892}.Debug|Any CPU.ActiveCfg = Debug|Any CPU
		{33969635-39D0-4273-A86F-5CF758610892}.Debug|Any CPU.Build.0 = Debug|Any CPU
		{33969635-39D0-4273-A86F-5CF758610892}.Release|Any CPU.ActiveCfg = Release|Any CPU
		{33969635-39D0-4273-A86F-5CF758610892}.Release|Any CPU.Build.0 = Release|Any CPU
		{510644CC-9DA6-4403-AA2D-F8D0801DD555}.Debug|Any CPU.ActiveCfg = Debug|Any CPU
		{510644CC-9DA6-4403-AA2D-F8D0801DD555}.Debug|Any CPU.Build.0 = Debug|Any CPU
		{510644CC-9DA6-4403-AA2D-F8D0801DD555}.Release|Any CPU.ActiveCfg = Release|Any CPU
		{510644CC-9DA6-4403-AA2D-F8D0801DD555}.Release|Any CPU.Build.0 = Release|Any CPU
		{7A17BB51-6B2C-44BB-952B-C75A93963952}.Debug|Any CPU.ActiveCfg = Debug|Any CPU
		{7A17BB51-6B2C-44BB-952B-C75A93963952}.Debug|Any CPU.Build.0 = Debug|Any CPU
		{7A17BB51-6B2C-44BB-952B-C75A93963952}.Release|Any CPU.ActiveCfg = Release|Any CPU
		{7A17BB51-6B2C-44BB-952B-C75A93963952}.Release|Any CPU.Build.0 = Release|Any CPU
		{0F08977C-6C65-4611-9363-10EEB3E83CF9}.Debug|Any CPU.ActiveCfg = Debug|Any CPU
		{0F08977C-6C65-4611-9363-10EEB3E83CF9}.Debug|Any CPU.Build.0 = Debug|Any CPU
		{0F08977C-6C65-4611-9363-10EEB3E83CF9}.Release|Any CPU.ActiveCfg = Release|Any CPU
		{0F08977C-6C65-4611-9363-10EEB3E83CF9}.Release|Any CPU.Build.0 = Release|Any CPU
	EndGlobalSection
	GlobalSection(NestedProjects) = preSolution
		{F8370647-2320-47E9-9F38-890EF48B55A3} = {5319E685-61F1-4730-8B85-5BC6042C2B79}
		{33969635-39D0-4273-A86F-5CF758610892} = {5319E685-61F1-4730-8B85-5BC6042C2B79}
		{510644CC-9DA6-4403-AA2D-F8D0801DD555} = {5319E685-61F1-4730-8B85-5BC6042C2B79}
		{7A17BB51-6B2C-44BB-952B-C75A93963952} = {2239F5A4-6C51-4EEB-A79C-0DDF7508ACC6}
		{0F08977C-6C65-4611-9363-10EEB3E83CF9} = {5B5FF21A-EF96-4060-BD12-6767458CA134}
	EndGlobalSection
EndGlobal
